
Microsoft Visual Studio Solution File, Format Version 12.00
# Visual Studio 15
Project("{FAE04EC0-301F-11D3-BF4B-00C04F79EFBC}") = "embedded-form-example", "embedded-form-example\embedded-form-example.csproj", "{EC07E1B7-AA80-4CFF-ACF9-40EED85741B5}"
EndProject
Global
	GlobalSection(SolutionConfigurationPlatforms) = preSolution
		Debug|Any CPU = Debug|Any CPU
		Release|Any CPU = Release|Any CPU
	EndGlobalSection
	GlobalSection(ProjectConfigurationPlatforms) = postSolution
		{EC07E1B7-AA80-4CFF-ACF9-40EED85741B5}.Debug|Any CPU.ActiveCfg = Debug|Any CPU
		{EC07E1B7-AA80-4CFF-ACF9-40EED85741B5}.Debug|Any CPU.Build.0 = Debug|Any CPU
		{EC07E1B7-AA80-4CFF-ACF9-40EED85741B5}.Release|Any CPU.ActiveCfg = Release|Any CPU
		{EC07E1B7-AA80-4CFF-ACF9-40EED85741B5}.Release|Any CPU.Build.0 = Release|Any CPU
	EndGlobalSection
EndGlobal
